
Microsoft Visual Studio Solution File, Format Version 12.00
# Visual Studio Version 16
VisualStudioVersion = 16.0.30804.86
MinimumVisualStudioVersion = 10.0.40219.1
Project("{FAE04EC0-301F-11D3-BF4B-00C04F79EFBC}") = "Stok_Otomasyonu", "Stok_Otomasyonu\Stok_Otomasyonu.csproj", "{1D42ADE3-103F-411B-9642-AC3D943AA2DD}"
EndProject
Global
	GlobalSection(SolutionConfigurationPlatforms) = preSolution
		Debug|Any CPU = Debug|Any CPU
		Release|Any CPU = Release|Any CPU
	EndGlobalSection
	GlobalSection(ProjectConfigurationPlatforms) = postSolution
		{1D42ADE3-103F-411B-9642-AC3D943AA2DD}.Debug|Any CPU.ActiveCfg = Debug|Any CPU
		{1D42ADE3-103F-411B-9642-AC3D943AA2DD}.Debug|Any CPU.Build.0 = Debug|Any CPU
		{1D42ADE3-103F-411B-9642-AC3D943AA2DD}.Release|Any CPU.ActiveCfg = Release|Any CPU
		{1D42ADE3-103F-411B-9642-AC3D943AA2DD}.Release|Any CPU.Build.0 = Release|Any CPU
	EndGlobalSection
	GlobalSection(SolutionProperties) = preSolution
		HideSolutionNode = FALSE
	EndGlobalSection
	GlobalSection(ExtensibilityGlobals) = postSolution
		SolutionGuid = {BFEC5A14-0692-4B0E-B513-B44A31B23E9E}
	EndGlobalSection
EndGlobal
